
Microsoft Visual Studio Solution File, Format Version 12.00
# Visual Studio Version 16
VisualStudioVersion = 16.0.30330.147
MinimumVisualStudioVersion = 10.0.40219.1
Project("{9A19103F-16F7-4668-BE54-9A1E7A4F7556}") = "Sedos", "Sedos.csproj", "{FEAE54E2-0215-401C-B9CC-92F6F0D594A5}"
EndProject
Global
	GlobalSection(SolutionConfigurationPlatforms) = preSolution
		Debug|Any CPU = Debug|Any CPU
		Release|Any CPU = Release|Any CPU
	EndGlobalSection
	GlobalSection(ProjectConfigurationPlatforms) = postSolution
		{FEAE54E2-0215-401C-B9CC-92F6F0D594A5}.Debug|Any CPU.ActiveCfg = Debug|Any CPU
		{FEAE54E2-0215-401C-B9CC-92F6F0D594A5}.Debug|Any CPU.Build.0 = Debug|Any CPU
		{FEAE54E2-0215-401C-B9CC-92F6F0D594A5}.Release|Any CPU.ActiveCfg = Release|Any CPU
		{FEAE54E2-0215-401C-B9CC-92F6F0D594A5}.Release|Any CPU.Build.0 = Release|Any CPU
	EndGlobalSection
	GlobalSection(SolutionProperties) = preSolution
		HideSolutionNode = FALSE
	EndGlobalSection
	GlobalSection(ExtensibilityGlobals) = postSolution
		SolutionGuid = {465E1621-131A-4615-BCF6-AD671F102EE1}
	EndGlobalSection
EndGlobal
